
Microsoft Visual Studio Solution File, Format Version 12.00
# Visual Studio Version 16
VisualStudioVersion = 16.0.32106.194
MinimumVisualStudioVersion = 10.0.40219.1
Project("{FAE04EC0-301F-11D3-BF4B-00C04F79EFBC}") = "TechInterviewPractise", "TechInterviewPractise\TechInterviewPractise.csproj", "{600587C2-98FC-4040-8F3B-141CE93ABA31}"
EndProject
Global
	GlobalSection(SolutionConfigurationPlatforms) = preSolution
		Debug|Any CPU = Debug|Any CPU
		Release|Any CPU = Release|Any CPU
	EndGlobalSection
	GlobalSection(ProjectConfigurationPlatforms) = postSolution
		{600587C2-98FC-4040-8F3B-141CE93ABA31}.Debug|Any CPU.ActiveCfg = Debug|Any CPU
		{600587C2-98FC-4040-8F3B-141CE93ABA31}.Debug|Any CPU.Build.0 = Debug|Any CPU
		{600587C2-98FC-4040-8F3B-141CE93ABA31}.Release|Any CPU.ActiveCfg = Release|Any CPU
		{600587C2-98FC-4040-8F3B-141CE93ABA31}.Release|Any CPU.Build.0 = Release|Any CPU
	EndGlobalSection
	GlobalSection(SolutionProperties) = preSolution
		HideSolutionNode = FALSE
	EndGlobalSection
	GlobalSection(ExtensibilityGlobals) = postSolution
		SolutionGuid = {873B98B2-315C-4003-887B-AFE9193D3C8A}
	EndGlobalSection
EndGlobal
